
Microsoft Visual Studio Solution File, Format Version 12.00
# Visual Studio Version 17
VisualStudioVersion = 17.0.31903.59
MinimumVisualStudioVersion = 10.0.40219.1
Project("{9A19103F-16F7-4668-BE54-9A1E7A4F7556}") = "HomeWork_22", "HomeWork_22.csproj", "{289AAB87-4541-4449-8B00-D39D795AB354}"
EndProject
Global
	GlobalSection(SolutionConfigurationPlatforms) = preSolution
		Debug|Any CPU = Debug|Any CPU
		Release|Any CPU = Release|Any CPU
	EndGlobalSection
	GlobalSection(ProjectConfigurationPlatforms) = postSolution
		{289AAB87-4541-4449-8B00-D39D795AB354}.Debug|Any CPU.ActiveCfg = Debug|Any CPU
		{289AAB87-4541-4449-8B00-D39D795AB354}.Debug|Any CPU.Build.0 = Debug|Any CPU
		{289AAB87-4541-4449-8B00-D39D795AB354}.Release|Any CPU.ActiveCfg = Release|Any CPU
		{289AAB87-4541-4449-8B00-D39D795AB354}.Release|Any CPU.Build.0 = Release|Any CPU
	EndGlobalSection
	GlobalSection(SolutionProperties) = preSolution
		HideSolutionNode = FALSE
	EndGlobalSection
	GlobalSection(ExtensibilityGlobals) = postSolution
		SolutionGuid = {447713A1-B122-467B-AC28-FC58A30094B4}
	EndGlobalSection
EndGlobal
