
Microsoft Visual Studio Solution File, Format Version 12.00
# Visual Studio Version 17
VisualStudioVersion = 17.0.31903.59
MinimumVisualStudioVersion = 10.0.40219.1
Project("{9A19103F-16F7-4668-BE54-9A1E7A4F7556}") = "HomeWork_22", "HomeWork_22.csproj", "{80DD8888-50DD-4F32-B33F-F69D823547D4}"
EndProject
Project("{9A19103F-16F7-4668-BE54-9A1E7A4F7556}") = "HomeWork_22_2_WebApi", "..\HomeWork_22_2_WebApi\HomeWork_22_2_WebApi.csproj", "{020BADFB-24DF-4901-B7B6-15F524202E1D}"
EndProject
Project("{9A19103F-16F7-4668-BE54-9A1E7A4F7556}") = "HomeWork_22_2_WebClient", "..\HomeWork_22_2_WebClient\HomeWork_22_2_WebClient.csproj", "{57CFD522-FC30-46C3-856D-4CCB60AC687F}"
EndProject
Global
	GlobalSection(SolutionConfigurationPlatforms) = preSolution
		Debug|Any CPU = Debug|Any CPU
		Release|Any CPU = Release|Any CPU
	EndGlobalSection
	GlobalSection(ProjectConfigurationPlatforms) = postSolution
		{80DD8888-50DD-4F32-B33F-F69D823547D4}.Debug|Any CPU.ActiveCfg = Debug|Any CPU
		{80DD8888-50DD-4F32-B33F-F69D823547D4}.Debug|Any CPU.Build.0 = Debug|Any CPU
		{80DD8888-50DD-4F32-B33F-F69D823547D4}.Release|Any CPU.ActiveCfg = Release|Any CPU
		{80DD8888-50DD-4F32-B33F-F69D823547D4}.Release|Any CPU.Build.0 = Release|Any CPU
		{020BADFB-24DF-4901-B7B6-15F524202E1D}.Debug|Any CPU.ActiveCfg = Debug|Any CPU
		{020BADFB-24DF-4901-B7B6-15F524202E1D}.Debug|Any CPU.Build.0 = Debug|Any CPU
		{020BADFB-24DF-4901-B7B6-15F524202E1D}.Release|Any CPU.ActiveCfg = Release|Any CPU
		{020BADFB-24DF-4901-B7B6-15F524202E1D}.Release|Any CPU.Build.0 = Release|Any CPU
		{57CFD522-FC30-46C3-856D-4CCB60AC687F}.Debug|Any CPU.ActiveCfg = Debug|Any CPU
		{57CFD522-FC30-46C3-856D-4CCB60AC687F}.Debug|Any CPU.Build.0 = Debug|Any CPU
		{57CFD522-FC30-46C3-856D-4CCB60AC687F}.Release|Any CPU.ActiveCfg = Release|Any CPU
		{57CFD522-FC30-46C3-856D-4CCB60AC687F}.Release|Any CPU.Build.0 = Release|Any CPU
	EndGlobalSection
	GlobalSection(SolutionProperties) = preSolution
		HideSolutionNode = FALSE
	EndGlobalSection
	GlobalSection(ExtensibilityGlobals) = postSolution
		SolutionGuid = {447713A1-B122-467B-AC28-FC58A30094B4}
	EndGlobalSection
EndGlobal
